
Microsoft Visual Studio Solution File, Format Version 9.00
# Visual Studio 2005
Project("{FAE04EC0-301F-11D3-BF4B-00C04F79EFBC}") = "MessageBoard", "MessageBoard\MessageBoard.csproj", "{FEB03066-27FE-4054-B08E-403B754A0178}"
EndProject
Project("{FAE04EC0-301F-11D3-BF4B-00C04F79EFBC}") = "MessageBoard.Test", "MessageBoard.Test\MessageBoard.Test.csproj", "{6BD3B2AC-6BC6-494E-A29B-36DEE08F5201}"
EndProject
Global
	GlobalSection(SolutionConfigurationPlatforms) = preSolution
		Debug|.NET = Debug|.NET
		Debug|Any CPU = Debug|Any CPU
		Debug|Mixed Platforms = Debug|Mixed Platforms
		Release|.NET = Release|.NET
		Release|Any CPU = Release|Any CPU
		Release|Mixed Platforms = Release|Mixed Platforms
	EndGlobalSection
	GlobalSection(ProjectConfigurationPlatforms) = postSolution
		{FEB03066-27FE-4054-B08E-403B754A0178}.Debug|.NET.ActiveCfg = Debug|Any CPU
		{FEB03066-27FE-4054-B08E-403B754A0178}.Debug|Any CPU.ActiveCfg = Debug|Any CPU
		{FEB03066-27FE-4054-B08E-403B754A0178}.Debug|Any CPU.Build.0 = Debug|Any CPU
		{FEB03066-27FE-4054-B08E-403B754A0178}.Debug|Mixed Platforms.ActiveCfg = Debug|Any CPU
		{FEB03066-27FE-4054-B08E-403B754A0178}.Debug|Mixed Platforms.Build.0 = Debug|Any CPU
		{FEB03066-27FE-4054-B08E-403B754A0178}.Release|.NET.ActiveCfg = Release|Any CPU
		{FEB03066-27FE-4054-B08E-403B754A0178}.Release|Any CPU.ActiveCfg = Release|Any CPU
		{FEB03066-27FE-4054-B08E-403B754A0178}.Release|Any CPU.Build.0 = Release|Any CPU
		{FEB03066-27FE-4054-B08E-403B754A0178}.Release|Mixed Platforms.ActiveCfg = Release|Any CPU
		{FEB03066-27FE-4054-B08E-403B754A0178}.Release|Mixed Platforms.Build.0 = Release|Any CPU
		{6BD3B2AC-6BC6-494E-A29B-36DEE08F5201}.Debug|.NET.ActiveCfg = Debug|Any CPU
		{6BD3B2AC-6BC6-494E-A29B-36DEE08F5201}.Debug|Any CPU.ActiveCfg = Debug|Any CPU
		{6BD3B2AC-6BC6-494E-A29B-36DEE08F5201}.Debug|Any CPU.Build.0 = Debug|Any CPU
		{6BD3B2AC-6BC6-494E-A29B-36DEE08F5201}.Debug|Mixed Platforms.ActiveCfg = Debug|Any CPU
		{6BD3B2AC-6BC6-494E-A29B-36DEE08F5201}.Debug|Mixed Platforms.Build.0 = Debug|Any CPU
		{6BD3B2AC-6BC6-494E-A29B-36DEE08F5201}.Release|.NET.ActiveCfg = Release|Any CPU
		{6BD3B2AC-6BC6-494E-A29B-36DEE08F5201}.Release|Any CPU.ActiveCfg = Release|Any CPU
		{6BD3B2AC-6BC6-494E-A29B-36DEE08F5201}.Release|Any CPU.Build.0 = Release|Any CPU
		{6BD3B2AC-6BC6-494E-A29B-36DEE08F5201}.Release|Mixed Platforms.ActiveCfg = Release|Any CPU
		{6BD3B2AC-6BC6-494E-A29B-36DEE08F5201}.Release|Mixed Platforms.Build.0 = Release|Any CPU
	EndGlobalSection
	GlobalSection(SolutionProperties) = preSolution
		HideSolutionNode = FALSE
	EndGlobalSection
EndGlobal
