
Microsoft Visual Studio Solution File, Format Version 9.00
# Visual Studio 2005
Project("{FAE04EC0-301F-11D3-BF4B-00C04F79EFBC}") = "TimeDataUtil", "TimeDataUtil\TimeDataUtil.csproj", "{546584F8-2372-4690-BA5E-F2E4D3809036}"
EndProject
Project("{FAE04EC0-301F-11D3-BF4B-00C04F79EFBC}") = "TimeDataUtil.Test", "TimeDataUtil.Test\TimeDataUtil.Test.csproj", "{82105587-E212-4048-AAE2-FBCB33608883}"
EndProject
Global
	GlobalSection(SolutionConfigurationPlatforms) = preSolution
		Debug|.NET = Debug|.NET
		Debug|Any CPU = Debug|Any CPU
		Debug|Mixed Platforms = Debug|Mixed Platforms
		Release|.NET = Release|.NET
		Release|Any CPU = Release|Any CPU
		Release|Mixed Platforms = Release|Mixed Platforms
	EndGlobalSection
	GlobalSection(ProjectConfigurationPlatforms) = postSolution
		{546584F8-2372-4690-BA5E-F2E4D3809036}.Debug|.NET.ActiveCfg = Debug|Any CPU
		{546584F8-2372-4690-BA5E-F2E4D3809036}.Debug|Any CPU.ActiveCfg = Debug|Any CPU
		{546584F8-2372-4690-BA5E-F2E4D3809036}.Debug|Any CPU.Build.0 = Debug|Any CPU
		{546584F8-2372-4690-BA5E-F2E4D3809036}.Debug|Mixed Platforms.ActiveCfg = Debug|Any CPU
		{546584F8-2372-4690-BA5E-F2E4D3809036}.Debug|Mixed Platforms.Build.0 = Debug|Any CPU
		{546584F8-2372-4690-BA5E-F2E4D3809036}.Release|.NET.ActiveCfg = Release|Any CPU
		{546584F8-2372-4690-BA5E-F2E4D3809036}.Release|Any CPU.ActiveCfg = Release|Any CPU
		{546584F8-2372-4690-BA5E-F2E4D3809036}.Release|Any CPU.Build.0 = Release|Any CPU
		{546584F8-2372-4690-BA5E-F2E4D3809036}.Release|Mixed Platforms.ActiveCfg = Release|Any CPU
		{546584F8-2372-4690-BA5E-F2E4D3809036}.Release|Mixed Platforms.Build.0 = Release|Any CPU
		{82105587-E212-4048-AAE2-FBCB33608883}.Debug|.NET.ActiveCfg = Debug|Any CPU
		{82105587-E212-4048-AAE2-FBCB33608883}.Debug|Any CPU.ActiveCfg = Debug|Any CPU
		{82105587-E212-4048-AAE2-FBCB33608883}.Debug|Any CPU.Build.0 = Debug|Any CPU
		{82105587-E212-4048-AAE2-FBCB33608883}.Debug|Mixed Platforms.ActiveCfg = Debug|Any CPU
		{82105587-E212-4048-AAE2-FBCB33608883}.Debug|Mixed Platforms.Build.0 = Debug|Any CPU
		{82105587-E212-4048-AAE2-FBCB33608883}.Release|.NET.ActiveCfg = Release|Any CPU
		{82105587-E212-4048-AAE2-FBCB33608883}.Release|Any CPU.ActiveCfg = Release|Any CPU
		{82105587-E212-4048-AAE2-FBCB33608883}.Release|Any CPU.Build.0 = Release|Any CPU
		{82105587-E212-4048-AAE2-FBCB33608883}.Release|Mixed Platforms.ActiveCfg = Release|Any CPU
		{82105587-E212-4048-AAE2-FBCB33608883}.Release|Mixed Platforms.Build.0 = Release|Any CPU
	EndGlobalSection
	GlobalSection(SolutionProperties) = preSolution
		HideSolutionNode = FALSE
	EndGlobalSection
EndGlobal
