
Microsoft Visual Studio Solution File, Format Version 9.00
# Visual Studio 2005
Project("{FAE04EC0-301F-11D3-BF4B-00C04F79EFBC}") = "ZipLocator", "ZipLocator\ZipLocator.csproj", "{C91C3C76-2C61-4FD0-A723-47765900E5A0}"
EndProject
Project("{FAE04EC0-301F-11D3-BF4B-00C04F79EFBC}") = "ZipLocator.Test", "ZipLocator.Test\ZipLocator.Test.csproj", "{99EF24B5-4A31-4F4F-8E24-D54AA76D6E25}"
EndProject
Global
	GlobalSection(SolutionConfigurationPlatforms) = preSolution
		Debug|Any CPU = Debug|Any CPU
		Release|Any CPU = Release|Any CPU
	EndGlobalSection
	GlobalSection(ProjectConfigurationPlatforms) = postSolution
		{C91C3C76-2C61-4FD0-A723-47765900E5A0}.Debug|Any CPU.ActiveCfg = Debug|Any CPU
		{C91C3C76-2C61-4FD0-A723-47765900E5A0}.Debug|Any CPU.Build.0 = Debug|Any CPU
		{C91C3C76-2C61-4FD0-A723-47765900E5A0}.Release|Any CPU.ActiveCfg = Release|Any CPU
		{C91C3C76-2C61-4FD0-A723-47765900E5A0}.Release|Any CPU.Build.0 = Release|Any CPU
		{99EF24B5-4A31-4F4F-8E24-D54AA76D6E25}.Debug|Any CPU.ActiveCfg = Debug|Any CPU
		{99EF24B5-4A31-4F4F-8E24-D54AA76D6E25}.Debug|Any CPU.Build.0 = Debug|Any CPU
		{99EF24B5-4A31-4F4F-8E24-D54AA76D6E25}.Release|Any CPU.ActiveCfg = Release|Any CPU
		{99EF24B5-4A31-4F4F-8E24-D54AA76D6E25}.Release|Any CPU.Build.0 = Release|Any CPU
	EndGlobalSection
	GlobalSection(SolutionProperties) = preSolution
		HideSolutionNode = FALSE
	EndGlobalSection
EndGlobal
